
Microsoft Visual Studio Solution File, Format Version 12.00
# Visual Studio Version 16
VisualStudioVersion = 16.0.30717.126
MinimumVisualStudioVersion = 10.0.40219.1
Project("{FAE04EC0-301F-11D3-BF4B-00C04F79EFBC}") = "Rocky", "Rocky\Rocky.csproj", "{3C03C9BF-F4EF-4EA2-89A9-98DADEEA792F}"
EndProject
Global
	GlobalSection(SolutionConfigurationPlatforms) = preSolution
		Debug|Any CPU = Debug|Any CPU
		Release|Any CPU = Release|Any CPU
	EndGlobalSection
	GlobalSection(ProjectConfigurationPlatforms) = postSolution
		{3C03C9BF-F4EF-4EA2-89A9-98DADEEA792F}.Debug|Any CPU.ActiveCfg = Debug|Any CPU
		{3C03C9BF-F4EF-4EA2-89A9-98DADEEA792F}.Debug|Any CPU.Build.0 = Debug|Any CPU
		{3C03C9BF-F4EF-4EA2-89A9-98DADEEA792F}.Release|Any CPU.ActiveCfg = Release|Any CPU
		{3C03C9BF-F4EF-4EA2-89A9-98DADEEA792F}.Release|Any CPU.Build.0 = Release|Any CPU
	EndGlobalSection
	GlobalSection(SolutionProperties) = preSolution
		HideSolutionNode = FALSE
	EndGlobalSection
	GlobalSection(ExtensibilityGlobals) = postSolution
		SolutionGuid = {5EB33AA8-C3B0-4005-83AD-5E2F3959E674}
	EndGlobalSection
EndGlobal
