
Microsoft Visual Studio Solution File, Format Version 12.00
# Visual Studio Version 16
VisualStudioVersion = 16.0.30717.126
MinimumVisualStudioVersion = 10.0.40219.1
Project("{FAE04EC0-301F-11D3-BF4B-00C04F79EFBC}") = "FirstAppDemo", "FirstAppDemo\FirstAppDemo.csproj", "{4142AD15-B471-46FC-ADB6-525144CF42BB}"
EndProject
Global
	GlobalSection(SolutionConfigurationPlatforms) = preSolution
		Debug|Any CPU = Debug|Any CPU
		Release|Any CPU = Release|Any CPU
	EndGlobalSection
	GlobalSection(ProjectConfigurationPlatforms) = postSolution
		{4142AD15-B471-46FC-ADB6-525144CF42BB}.Debug|Any CPU.ActiveCfg = Debug|Any CPU
		{4142AD15-B471-46FC-ADB6-525144CF42BB}.Debug|Any CPU.Build.0 = Debug|Any CPU
		{4142AD15-B471-46FC-ADB6-525144CF42BB}.Release|Any CPU.ActiveCfg = Release|Any CPU
		{4142AD15-B471-46FC-ADB6-525144CF42BB}.Release|Any CPU.Build.0 = Release|Any CPU
	EndGlobalSection
	GlobalSection(SolutionProperties) = preSolution
		HideSolutionNode = FALSE
	EndGlobalSection
	GlobalSection(ExtensibilityGlobals) = postSolution
		SolutionGuid = {105F81A2-2427-4F24-A357-6CC8BEC0941C}
	EndGlobalSection
EndGlobal
