
Microsoft Visual Studio Solution File, Format Version 12.00
# Visual Studio Version 16
VisualStudioVersion = 16.0.30717.126
MinimumVisualStudioVersion = 10.0.40219.1
Project("{FAE04EC0-301F-11D3-BF4B-00C04F79EFBC}") = "OdeToFood", "OdeToFood\OdeToFood.csproj", "{9C0ADD59-77C1-4D8A-B549-64E3CB859A91}"
EndProject
Global
	GlobalSection(SolutionConfigurationPlatforms) = preSolution
		Debug|Any CPU = Debug|Any CPU
		Release|Any CPU = Release|Any CPU
	EndGlobalSection
	GlobalSection(ProjectConfigurationPlatforms) = postSolution
		{9C0ADD59-77C1-4D8A-B549-64E3CB859A91}.Debug|Any CPU.ActiveCfg = Debug|Any CPU
		{9C0ADD59-77C1-4D8A-B549-64E3CB859A91}.Debug|Any CPU.Build.0 = Debug|Any CPU
		{9C0ADD59-77C1-4D8A-B549-64E3CB859A91}.Release|Any CPU.ActiveCfg = Release|Any CPU
		{9C0ADD59-77C1-4D8A-B549-64E3CB859A91}.Release|Any CPU.Build.0 = Release|Any CPU
	EndGlobalSection
	GlobalSection(SolutionProperties) = preSolution
		HideSolutionNode = FALSE
	EndGlobalSection
	GlobalSection(ExtensibilityGlobals) = postSolution
		SolutionGuid = {BA25D68A-D69A-44A0-AAE3-B700C5FACB1A}
	EndGlobalSection
EndGlobal
