
Microsoft Visual Studio Solution File, Format Version 12.00
# Visual Studio Version 16
VisualStudioVersion = 16.0.30717.126
MinimumVisualStudioVersion = 10.0.40219.1
Project("{FAE04EC0-301F-11D3-BF4B-00C04F79EFBC}") = "EFDemoWeb", "EFDemoWeb\EFDemoWeb.csproj", "{46DF4322-FD83-417B-B084-2DBB7D73F32F}"
EndProject
Project("{FAE04EC0-301F-11D3-BF4B-00C04F79EFBC}") = "EFDataAccessLibrary", "EFDataAccessLibrary\EFDataAccessLibrary.csproj", "{34DDCCF9-3CA0-448B-B4A2-03E25EC8263F}"
EndProject
Project("{2150E333-8FDC-42A3-9474-1A3956D46DE8}") = "Models", "Models", "{1DEF4E9F-B780-4ADA-BB5E-53D49F88580F}"
	ProjectSection(SolutionItems) = preProject
		Address.cs = Address.cs
		Email.cs = Email.cs
		Person.cs = Person.cs
	EndProjectSection
EndProject
Global
	GlobalSection(SolutionConfigurationPlatforms) = preSolution
		Debug|Any CPU = Debug|Any CPU
		Release|Any CPU = Release|Any CPU
	EndGlobalSection
	GlobalSection(ProjectConfigurationPlatforms) = postSolution
		{46DF4322-FD83-417B-B084-2DBB7D73F32F}.Debug|Any CPU.ActiveCfg = Debug|Any CPU
		{46DF4322-FD83-417B-B084-2DBB7D73F32F}.Debug|Any CPU.Build.0 = Debug|Any CPU
		{46DF4322-FD83-417B-B084-2DBB7D73F32F}.Release|Any CPU.ActiveCfg = Release|Any CPU
		{46DF4322-FD83-417B-B084-2DBB7D73F32F}.Release|Any CPU.Build.0 = Release|Any CPU
		{34DDCCF9-3CA0-448B-B4A2-03E25EC8263F}.Debug|Any CPU.ActiveCfg = Debug|Any CPU
		{34DDCCF9-3CA0-448B-B4A2-03E25EC8263F}.Debug|Any CPU.Build.0 = Debug|Any CPU
		{34DDCCF9-3CA0-448B-B4A2-03E25EC8263F}.Release|Any CPU.ActiveCfg = Release|Any CPU
		{34DDCCF9-3CA0-448B-B4A2-03E25EC8263F}.Release|Any CPU.Build.0 = Release|Any CPU
	EndGlobalSection
	GlobalSection(SolutionProperties) = preSolution
		HideSolutionNode = FALSE
	EndGlobalSection
	GlobalSection(ExtensibilityGlobals) = postSolution
		SolutionGuid = {CFDF2F18-AA5D-44D0-B2B5-3934DA3E4671}
	EndGlobalSection
EndGlobal
